
Microsoft Visual Studio Solution File, Format Version 9.00
# Visual Studio 2005
Project("{8BC9CEB8-8B4A-11D0-8D11-00A0C91BC942}") = "WiimoteEarth", "WiimoteEarth.vcproj", "{1F0CE6EA-60FB-47DD-ACE1-600743B299CE}"
	ProjectSection(ProjectDependencies) = postProject
		{818BC8D5-6A9E-49C9-BC4A-F4536D8E6F8C} = {818BC8D5-6A9E-49C9-BC4A-F4536D8E6F8C}
	EndProjectSection
EndProject
Project("{8BC9CEB8-8B4A-11D0-8D11-00A0C91BC942}") = "CgWiimoteLib", "..\..\..\..\lib\win32\vs2005\CgWiimoteLib.vcproj", "{818BC8D5-6A9E-49C9-BC4A-F4536D8E6F8C}"
EndProject
Global
	GlobalSection(SolutionConfigurationPlatforms) = preSolution
		Debug|Win32 = Debug|Win32
		Release|Win32 = Release|Win32
	EndGlobalSection
	GlobalSection(ProjectConfigurationPlatforms) = postSolution
		{1F0CE6EA-60FB-47DD-ACE1-600743B299CE}.Debug|Win32.ActiveCfg = Debug|Win32
		{1F0CE6EA-60FB-47DD-ACE1-600743B299CE}.Debug|Win32.Build.0 = Debug|Win32
		{1F0CE6EA-60FB-47DD-ACE1-600743B299CE}.Release|Win32.ActiveCfg = Release|Win32
		{1F0CE6EA-60FB-47DD-ACE1-600743B299CE}.Release|Win32.Build.0 = Release|Win32
		{818BC8D5-6A9E-49C9-BC4A-F4536D8E6F8C}.Debug|Win32.ActiveCfg = Debug|Win32
		{818BC8D5-6A9E-49C9-BC4A-F4536D8E6F8C}.Debug|Win32.Build.0 = Debug|Win32
		{818BC8D5-6A9E-49C9-BC4A-F4536D8E6F8C}.Release|Win32.ActiveCfg = Release|Win32
		{818BC8D5-6A9E-49C9-BC4A-F4536D8E6F8C}.Release|Win32.Build.0 = Release|Win32
	EndGlobalSection
	GlobalSection(SolutionProperties) = preSolution
		HideSolutionNode = FALSE
	EndGlobalSection
EndGlobal
