
Microsoft Visual Studio Solution File, Format Version 9.00
# Visual Studio 2005
Project("{8BC9CEB8-8B4A-11D0-8D11-00A0C91BC942}") = "WiimoteConsole", "WiimoteConsole.vcproj", "{245462A2-97AB-4C3A-8611-250EA2D160AD}"
EndProject
Global
	GlobalSection(SolutionConfigurationPlatforms) = preSolution
		Debug|Win32 = Debug|Win32
		Release|Win32 = Release|Win32
	EndGlobalSection
	GlobalSection(ProjectConfigurationPlatforms) = postSolution
		{245462A2-97AB-4C3A-8611-250EA2D160AD}.Debug|Win32.ActiveCfg = Debug|Win32
		{245462A2-97AB-4C3A-8611-250EA2D160AD}.Debug|Win32.Build.0 = Debug|Win32
		{245462A2-97AB-4C3A-8611-250EA2D160AD}.Release|Win32.ActiveCfg = Release|Win32
		{245462A2-97AB-4C3A-8611-250EA2D160AD}.Release|Win32.Build.0 = Release|Win32
	EndGlobalSection
	GlobalSection(SolutionProperties) = preSolution
		HideSolutionNode = FALSE
	EndGlobalSection
EndGlobal
